
Microsoft Visual Studio Solution File, Format Version 12.00
# Visual Studio Version 17
VisualStudioVersion = 17.5.33627.172
MinimumVisualStudioVersion = 10.0.40219.1
Project("{FAE04EC0-301F-11D3-BF4B-00C04F79EFBC}") = "24CV-WEB", "24CV-WEB\24CV-WEB.csproj", "{D749A51F-7291-4FB5-B578-F80FD804DE57}"
EndProject
Global
	GlobalSection(SolutionConfigurationPlatforms) = preSolution
		Debug|Any CPU = Debug|Any CPU
		Release|Any CPU = Release|Any CPU
	EndGlobalSection
	GlobalSection(ProjectConfigurationPlatforms) = postSolution
		{D749A51F-7291-4FB5-B578-F80FD804DE57}.Debug|Any CPU.ActiveCfg = Debug|Any CPU
		{D749A51F-7291-4FB5-B578-F80FD804DE57}.Debug|Any CPU.Build.0 = Debug|Any CPU
		{D749A51F-7291-4FB5-B578-F80FD804DE57}.Release|Any CPU.ActiveCfg = Release|Any CPU
		{D749A51F-7291-4FB5-B578-F80FD804DE57}.Release|Any CPU.Build.0 = Release|Any CPU
	EndGlobalSection
	GlobalSection(SolutionProperties) = preSolution
		HideSolutionNode = FALSE
	EndGlobalSection
	GlobalSection(ExtensibilityGlobals) = postSolution
		SolutionGuid = {0A1BE3C4-B3AE-42D2-BBAF-E1F677B0E0E0}
	EndGlobalSection
EndGlobal
